
Microsoft Visual Studio Solution File, Format Version 11.00
# Visual Studio 2010
Project("{FAE04EC0-301F-11D3-BF4B-00C04F79EFBC}") = "Assembly-CSharp", "Assembly-CSharp.csproj", "{9557F8A4-DF2A-2DEA-6A85-85F75A3125F4}"
EndProject
Project("{FAE04EC0-301F-11D3-BF4B-00C04F79EFBC}") = "Assembly-CSharp-Editor", "Assembly-CSharp-Editor.csproj", "{45565E18-A69C-D8C5-692C-B1E193A3D352}"
EndProject
Global
	GlobalSection(SolutionConfigurationPlatforms) = preSolution
		Debug|Any CPU = Debug|Any CPU
		Release|Any CPU = Release|Any CPU
	EndGlobalSection
	GlobalSection(ProjectConfigurationPlatforms) = postSolution
		{9557F8A4-DF2A-2DEA-6A85-85F75A3125F4}.Debug|Any CPU.ActiveCfg = Debug|Any CPU
		{9557F8A4-DF2A-2DEA-6A85-85F75A3125F4}.Debug|Any CPU.Build.0 = Debug|Any CPU
		{9557F8A4-DF2A-2DEA-6A85-85F75A3125F4}.Release|Any CPU.ActiveCfg = Release|Any CPU
		{9557F8A4-DF2A-2DEA-6A85-85F75A3125F4}.Release|Any CPU.Build.0 = Release|Any CPU
		{45565E18-A69C-D8C5-692C-B1E193A3D352}.Debug|Any CPU.ActiveCfg = Debug|Any CPU
		{45565E18-A69C-D8C5-692C-B1E193A3D352}.Debug|Any CPU.Build.0 = Debug|Any CPU
		{45565E18-A69C-D8C5-692C-B1E193A3D352}.Release|Any CPU.ActiveCfg = Release|Any CPU
		{45565E18-A69C-D8C5-692C-B1E193A3D352}.Release|Any CPU.Build.0 = Release|Any CPU
	EndGlobalSection
	GlobalSection(SolutionProperties) = preSolution
		HideSolutionNode = FALSE
	EndGlobalSection
EndGlobal
